// !$*UTF8*$!
{
	archiveVersion = 1;
	classes = {
	};
	objectVersion = 77;
	objects = {

/* Begin PBXBuildFile section */
		2965BE862C959C5C0071104E /* KK_Auto Extension.appex in Embed Foundation Extensions */ = {isa = PBXBuildFile; fileRef = 2965BE852C959C5C0071104E /* KK_Auto Extension.appex */; settings = {ATTRIBUTES = (RemoveHeadersOnCopy, ); }; };
		2965BE902C959C5C0071104E /* KK_Auto Extension.appex in Embed Foundation Extensions */ = {isa = PBXBuildFile; fileRef = 2965BE8F2C959C5C0071104E /* KK_Auto Extension.appex */; settings = {ATTRIBUTES = (RemoveHeadersOnCopy, ); }; };
/* End PBXBuildFile section */

/* Begin PBXContainerItemProxy section */
		2965BE872C959C5C0071104E /* PBXContainerItemProxy */ = {
			isa = PBXContainerItemProxy;
			containerPortal = 2965BE4B2C959C5A0071104E /* Project object */;
			proxyType = 1;
			remoteGlobalIDString = 2965BE842C959C5C0071104E;
			remoteInfo = "KK_Auto Extension (iOS)";
		};
		2965BE912C959C5C0071104E /* PBXContainerItemProxy */ = {
			isa = PBXContainerItemProxy;
			containerPortal = 2965BE4B2C959C5A0071104E /* Project object */;
			proxyType = 1;
			remoteGlobalIDString = 2965BE8E2C959C5C0071104E;
			remoteInfo = "KK_Auto Extension (macOS)";
		};
/* End PBXContainerItemProxy section */

/* Begin PBXCopyFilesBuildPhase section */
		2965BEB92C959C5C0071104E /* Embed Foundation Extensions */ = {
			isa = PBXCopyFilesBuildPhase;
			buildActionMask = 2147483647;
			dstPath = "";
			dstSubfolderSpec = 13;
			files = (
				2965BE862C959C5C0071104E /* KK_Auto Extension.appex in Embed Foundation Extensions */,
			);
			name = "Embed Foundation Extensions";
			runOnlyForDeploymentPostprocessing = 0;
		};
		2965BEC32C959C5C0071104E /* Embed Foundation Extensions */ = {
			isa = PBXCopyFilesBuildPhase;
			buildActionMask = 2147483647;
			dstPath = "";
			dstSubfolderSpec = 13;
			files = (
				2965BE902C959C5C0071104E /* KK_Auto Extension.appex in Embed Foundation Extensions */,
			);
			name = "Embed Foundation Extensions";
			runOnlyForDeploymentPostprocessing = 0;
		};
/* End PBXCopyFilesBuildPhase section */

/* Begin PBXFileReference section */
		2965BE672C959C5C0071104E /* KK_Auto.app */ = {isa = PBXFileReference; explicitFileType = wrapper.application; includeInIndex = 0; path = KK_Auto.app; sourceTree = BUILT_PRODUCTS_DIR; };
		2965BE792C959C5C0071104E /* KK_Auto.app */ = {isa = PBXFileReference; explicitFileType = wrapper.application; includeInIndex = 0; path = KK_Auto.app; sourceTree = BUILT_PRODUCTS_DIR; };
		2965BE852C959C5C0071104E /* KK_Auto Extension.appex */ = {isa = PBXFileReference; explicitFileType = "wrapper.app-extension"; includeInIndex = 0; path = "KK_Auto Extension.appex"; sourceTree = BUILT_PRODUCTS_DIR; };
		2965BE8F2C959C5C0071104E /* KK_Auto Extension.appex */ = {isa = PBXFileReference; explicitFileType = "wrapper.app-extension"; includeInIndex = 0; path = "KK_Auto Extension.appex"; sourceTree = BUILT_PRODUCTS_DIR; };
/* End PBXFileReference section */

/* Begin PBXFileSystemSynchronizedBuildFileExceptionSet section */
		2965BEB42C959C5C0071104E /* Exceptions for "Shared (App)" folder in "KK_Auto (iOS)" target */ = {
			isa = PBXFileSystemSynchronizedBuildFileExceptionSet;
			membershipExceptions = (
				"/Localized: Resources/Main.html",
				Assets.xcassets,
				Resources/Icon.png,
				Resources/Script.js,
				Resources/Style.css,
				ViewController.swift,
			);
			target = 2965BE662C959C5C0071104E /* KK_Auto (iOS) */;
		};
		2965BEB82C959C5C0071104E /* Exceptions for "iOS (Extension)" folder in "KK_Auto Extension (iOS)" target */ = {
			isa = PBXFileSystemSynchronizedBuildFileExceptionSet;
			membershipExceptions = (
				Info.plist,
			);
			target = 2965BE842C959C5C0071104E /* KK_Auto Extension (iOS) */;
		};
		2965BEBD2C959C5C0071104E /* Exceptions for "iOS (App)" folder in "KK_Auto (iOS)" target */ = {
			isa = PBXFileSystemSynchronizedBuildFileExceptionSet;
			membershipExceptions = (
				Info.plist,
			);
			target = 2965BE662C959C5C0071104E /* KK_Auto (iOS) */;
		};
		2965BEBE2C959C5C0071104E /* Exceptions for "Shared (App)" folder in "KK_Auto (macOS)" target */ = {
			isa = PBXFileSystemSynchronizedBuildFileExceptionSet;
			membershipExceptions = (
				"/Localized: Resources/Main.html",
				Assets.xcassets,
				Resources/Icon.png,
				Resources/Script.js,
				Resources/Style.css,
				ViewController.swift,
			);
			target = 2965BE782C959C5C0071104E /* KK_Auto (macOS) */;
		};
		2965BEC22C959C5C0071104E /* Exceptions for "macOS (Extension)" folder in "KK_Auto Extension (macOS)" target */ = {
			isa = PBXFileSystemSynchronizedBuildFileExceptionSet;
			membershipExceptions = (
				Info.plist,
			);
			target = 2965BE8E2C959C5C0071104E /* KK_Auto Extension (macOS) */;
		};
		2965BEC72C959C5C0071104E /* Exceptions for "Shared (Extension)" folder in "KK_Auto Extension (iOS)" target */ = {
			isa = PBXFileSystemSynchronizedBuildFileExceptionSet;
			membershipExceptions = (
				Resources/_locales,
				Resources/content.js,
				Resources/images,
				Resources/manifest.json,
				SafariWebExtensionHandler.swift,
			);
			target = 2965BE842C959C5C0071104E /* KK_Auto Extension (iOS) */;
		};
		2965BEC82C959C5C0071104E /* Exceptions for "Shared (Extension)" folder in "KK_Auto Extension (macOS)" target */ = {
			isa = PBXFileSystemSynchronizedBuildFileExceptionSet;
			membershipExceptions = (
				Resources/_locales,
				Resources/content.js,
				Resources/images,
				Resources/manifest.json,
				SafariWebExtensionHandler.swift,
			);
			target = 2965BE8E2C959C5C0071104E /* KK_Auto Extension (macOS) */;
		};
/* End PBXFileSystemSynchronizedBuildFileExceptionSet section */

/* Begin PBXFileSystemSynchronizedRootGroup section */
		2965BE4F2C959C5A0071104E /* Shared (App) */ = {
			isa = PBXFileSystemSynchronizedRootGroup;
			exceptions = (
				2965BEB42C959C5C0071104E /* Exceptions for "Shared (App)" folder in "KK_Auto (iOS)" target */,
				2965BEBE2C959C5C0071104E /* Exceptions for "Shared (App)" folder in "KK_Auto (macOS)" target */,
			);
			path = "Shared (App)";
			sourceTree = "<group>";
		};
		2965BE582C959C5C0071104E /* Shared (Extension) */ = {
			isa = PBXFileSystemSynchronizedRootGroup;
			exceptions = (
				2965BEC72C959C5C0071104E /* Exceptions for "Shared (Extension)" folder in "KK_Auto Extension (iOS)" target */,
				2965BEC82C959C5C0071104E /* Exceptions for "Shared (Extension)" folder in "KK_Auto Extension (macOS)" target */,
			);
			explicitFolders = (
				Resources/_locales,
				Resources/images,
			);
			path = "Shared (Extension)";
			sourceTree = "<group>";
		};
		2965BE692C959C5C0071104E /* iOS (App) */ = {
			isa = PBXFileSystemSynchronizedRootGroup;
			exceptions = (
				2965BEBD2C959C5C0071104E /* Exceptions for "iOS (App)" folder in "KK_Auto (iOS)" target */,
			);
			path = "iOS (App)";
			sourceTree = "<group>";
		};
		2965BE7A2C959C5C0071104E /* macOS (App) */ = {
			isa = PBXFileSystemSynchronizedRootGroup;
			path = "macOS (App)";
			sourceTree = "<group>";
		};
		2965BE892C959C5C0071104E /* iOS (Extension) */ = {
			isa = PBXFileSystemSynchronizedRootGroup;
			exceptions = (
				2965BEB82C959C5C0071104E /* Exceptions for "iOS (Extension)" folder in "KK_Auto Extension (iOS)" target */,
			);
			path = "iOS (Extension)";
			sourceTree = "<group>";
		};
		2965BE932C959C5C0071104E /* macOS (Extension) */ = {
			isa = PBXFileSystemSynchronizedRootGroup;
			exceptions = (
				2965BEC22C959C5C0071104E /* Exceptions for "macOS (Extension)" folder in "KK_Auto Extension (macOS)" target */,
			);
			path = "macOS (Extension)";
			sourceTree = "<group>";
		};
/* End PBXFileSystemSynchronizedRootGroup section */

/* Begin PBXFrameworksBuildPhase section */
		2965BE642C959C5C0071104E /* Frameworks */ = {
			isa = PBXFrameworksBuildPhase;
			buildActionMask = 2147483647;
			files = (
			);
			runOnlyForDeploymentPostprocessing = 0;
		};
		2965BE762C959C5C0071104E /* Frameworks */ = {
			isa = PBXFrameworksBuildPhase;
			buildActionMask = 2147483647;
			files = (
			);
			runOnlyForDeploymentPostprocessing = 0;
		};
		2965BE822C959C5C0071104E /* Frameworks */ = {
			isa = PBXFrameworksBuildPhase;
			buildActionMask = 2147483647;
			files = (
			);
			runOnlyForDeploymentPostprocessing = 0;
		};
		2965BE8C2C959C5C0071104E /* Frameworks */ = {
			isa = PBXFrameworksBuildPhase;
			buildActionMask = 2147483647;
			files = (
			);
			runOnlyForDeploymentPostprocessing = 0;
		};
/* End PBXFrameworksBuildPhase section */

/* Begin PBXGroup section */
		2965BE4A2C959C5A0071104E = {
			isa = PBXGroup;
			children = (
				2965BE4F2C959C5A0071104E /* Shared (App) */,
				2965BE582C959C5C0071104E /* Shared (Extension) */,
				2965BE692C959C5C0071104E /* iOS (App) */,
				2965BE7A2C959C5C0071104E /* macOS (App) */,
				2965BE892C959C5C0071104E /* iOS (Extension) */,
				2965BE932C959C5C0071104E /* macOS (Extension) */,
				2965BE682C959C5C0071104E /* Products */,
			);
			sourceTree = "<group>";
		};
		2965BE682C959C5C0071104E /* Products */ = {
			isa = PBXGroup;
			children = (
				2965BE672C959C5C0071104E /* KK_Auto.app */,
				2965BE792C959C5C0071104E /* KK_Auto.app */,
				2965BE852C959C5C0071104E /* KK_Auto Extension.appex */,
				2965BE8F2C959C5C0071104E /* KK_Auto Extension.appex */,
			);
			name = Products;
			sourceTree = "<group>";
		};
/* End PBXGroup section */

/* Begin PBXNativeTarget section */
		2965BE662C959C5C0071104E /* KK_Auto (iOS) */ = {
			isa = PBXNativeTarget;
			buildConfigurationList = 2965BEBA2C959C5C0071104E /* Build configuration list for PBXNativeTarget "KK_Auto (iOS)" */;
			buildPhases = (
				2965BE632C959C5C0071104E /* Sources */,
				2965BE642C959C5C0071104E /* Frameworks */,
				2965BE652C959C5C0071104E /* Resources */,
				2965BEB92C959C5C0071104E /* Embed Foundation Extensions */,
			);
			buildRules = (
			);
			dependencies = (
				2965BE882C959C5C0071104E /* PBXTargetDependency */,
			);
			fileSystemSynchronizedGroups = (
				2965BE692C959C5C0071104E /* iOS (App) */,
			);
			name = "KK_Auto (iOS)";
			packageProductDependencies = (
			);
			productName = "KK_Auto (iOS)";
			productReference = 2965BE672C959C5C0071104E /* KK_Auto.app */;
			productType = "com.apple.product-type.application";
		};
		2965BE782C959C5C0071104E /* KK_Auto (macOS) */ = {
			isa = PBXNativeTarget;
			buildConfigurationList = 2965BEC42C959C5C0071104E /* Build configuration list for PBXNativeTarget "KK_Auto (macOS)" */;
			buildPhases = (
				2965BE752C959C5C0071104E /* Sources */,
				2965BE762C959C5C0071104E /* Frameworks */,
				2965BE772C959C5C0071104E /* Resources */,
				2965BEC32C959C5C0071104E /* Embed Foundation Extensions */,
			);
			buildRules = (
			);
			dependencies = (
				2965BE922C959C5C0071104E /* PBXTargetDependency */,
			);
			fileSystemSynchronizedGroups = (
				2965BE7A2C959C5C0071104E /* macOS (App) */,
			);
			name = "KK_Auto (macOS)";
			packageProductDependencies = (
			);
			productName = "KK_Auto (macOS)";
			productReference = 2965BE792C959C5C0071104E /* KK_Auto.app */;
			productType = "com.apple.product-type.application";
		};
		2965BE842C959C5C0071104E /* KK_Auto Extension (iOS) */ = {
			isa = PBXNativeTarget;
			buildConfigurationList = 2965BEB52C959C5C0071104E /* Build configuration list for PBXNativeTarget "KK_Auto Extension (iOS)" */;
			buildPhases = (
				2965BE812C959C5C0071104E /* Sources */,
				2965BE822C959C5C0071104E /* Frameworks */,
				2965BE832C959C5C0071104E /* Resources */,
			);
			buildRules = (
			);
			dependencies = (
			);
			fileSystemSynchronizedGroups = (
				2965BE892C959C5C0071104E /* iOS (Extension) */,
			);
			name = "KK_Auto Extension (iOS)";
			packageProductDependencies = (
			);
			productName = "KK_Auto Extension (iOS)";
			productReference = 2965BE852C959C5C0071104E /* KK_Auto Extension.appex */;
			productType = "com.apple.product-type.app-extension";
		};
		2965BE8E2C959C5C0071104E /* KK_Auto Extension (macOS) */ = {
			isa = PBXNativeTarget;
			buildConfigurationList = 2965BEBF2C959C5C0071104E /* Build configuration list for PBXNativeTarget "KK_Auto Extension (macOS)" */;
			buildPhases = (
				2965BE8B2C959C5C0071104E /* Sources */,
				2965BE8C2C959C5C0071104E /* Frameworks */,
				2965BE8D2C959C5C0071104E /* Resources */,
			);
			buildRules = (
			);
			dependencies = (
			);
			fileSystemSynchronizedGroups = (
				2965BE932C959C5C0071104E /* macOS (Extension) */,
			);
			name = "KK_Auto Extension (macOS)";
			packageProductDependencies = (
			);
			productName = "KK_Auto Extension (macOS)";
			productReference = 2965BE8F2C959C5C0071104E /* KK_Auto Extension.appex */;
			productType = "com.apple.product-type.app-extension";
		};
/* End PBXNativeTarget section */

/* Begin PBXProject section */
		2965BE4B2C959C5A0071104E /* Project object */ = {
			isa = PBXProject;
			attributes = {
				BuildIndependentTargetsInParallel = 1;
				LastSwiftUpdateCheck = 1600;
				LastUpgradeCheck = 1600;
				TargetAttributes = {
					2965BE662C959C5C0071104E = {
						CreatedOnToolsVersion = 16.0;
					};
					2965BE782C959C5C0071104E = {
						CreatedOnToolsVersion = 16.0;
					};
					2965BE842C959C5C0071104E = {
						CreatedOnToolsVersion = 16.0;
					};
					2965BE8E2C959C5C0071104E = {
						CreatedOnToolsVersion = 16.0;
					};
				};
			};
			buildConfigurationList = 2965BE4E2C959C5A0071104E /* Build configuration list for PBXProject "KK_Auto" */;
			developmentRegion = en;
			hasScannedForEncodings = 0;
			knownRegions = (
				en,
				Base,
			);
			mainGroup = 2965BE4A2C959C5A0071104E;
			minimizedProjectReferenceProxies = 1;
			preferredProjectObjectVersion = 77;
			productRefGroup = 2965BE682C959C5C0071104E /* Products */;
			projectDirPath = "";
			projectRoot = "";
			targets = (
				2965BE662C959C5C0071104E /* KK_Auto (iOS) */,
				2965BE782C959C5C0071104E /* KK_Auto (macOS) */,
				2965BE842C959C5C0071104E /* KK_Auto Extension (iOS) */,
				2965BE8E2C959C5C0071104E /* KK_Auto Extension (macOS) */,
			);
		};
/* End PBXProject section */

/* Begin PBXResourcesBuildPhase section */
		2965BE652C959C5C0071104E /* Resources */ = {
			isa = PBXResourcesBuildPhase;
			buildActionMask = 2147483647;
			files = (
			);
			runOnlyForDeploymentPostprocessing = 0;
		};
		2965BE772C959C5C0071104E /* Resources */ = {
			isa = PBXResourcesBuildPhase;
			buildActionMask = 2147483647;
			files = (
			);
			runOnlyForDeploymentPostprocessing = 0;
		};
		2965BE832C959C5C0071104E /* Resources */ = {
			isa = PBXResourcesBuildPhase;
			buildActionMask = 2147483647;
			files = (
			);
			runOnlyForDeploymentPostprocessing = 0;
		};
		2965BE8D2C959C5C0071104E /* Resources */ = {
			isa = PBXResourcesBuildPhase;
			buildActionMask = 2147483647;
			files = (
			);
			runOnlyForDeploymentPostprocessing = 0;
		};
/* End PBXResourcesBuildPhase section */

/* Begin PBXSourcesBuildPhase section */
		2965BE632C959C5C0071104E /* Sources */ = {
			isa = PBXSourcesBuildPhase;
			buildActionMask = 2147483647;
			files = (
			);
			runOnlyForDeploymentPostprocessing = 0;
		};
		2965BE752C959C5C0071104E /* Sources */ = {
			isa = PBXSourcesBuildPhase;
			buildActionMask = 2147483647;
			files = (
			);
			runOnlyForDeploymentPostprocessing = 0;
		};
		2965BE812C959C5C0071104E /* Sources */ = {
			isa = PBXSourcesBuildPhase;
			buildActionMask = 2147483647;
			files = (
			);
			runOnlyForDeploymentPostprocessing = 0;
		};
		2965BE8B2C959C5C0071104E /* Sources */ = {
			isa = PBXSourcesBuildPhase;
			buildActionMask = 2147483647;
			files = (
			);
			runOnlyForDeploymentPostprocessing = 0;
		};
/* End PBXSourcesBuildPhase section */

/* Begin PBXTargetDependency section */
		2965BE882C959C5C0071104E /* PBXTargetDependency */ = {
			isa = PBXTargetDependency;
			target = 2965BE842C959C5C0071104E /* KK_Auto Extension (iOS) */;
			targetProxy = 2965BE872C959C5C0071104E /* PBXContainerItemProxy */;
		};
		2965BE922C959C5C0071104E /* PBXTargetDependency */ = {
			isa = PBXTargetDependency;
			target = 2965BE8E2C959C5C0071104E /* KK_Auto Extension (macOS) */;
			targetProxy = 2965BE912C959C5C0071104E /* PBXContainerItemProxy */;
		};
/* End PBXTargetDependency section */

/* Begin XCBuildConfiguration section */
		2965BEB62C959C5C0071104E /* Debug */ = {
			isa = XCBuildConfiguration;
			buildSettings = {
				CODE_SIGN_STYLE = Automatic;
				CURRENT_PROJECT_VERSION = 1;
				DEVELOPMENT_TEAM = 62RR3MH285;
				GENERATE_INFOPLIST_FILE = YES;
				INFOPLIST_FILE = "iOS (Extension)/Info.plist";
				INFOPLIST_KEY_CFBundleDisplayName = "KK_Auto Extension";
				INFOPLIST_KEY_NSHumanReadableCopyright = "";
				IPHONEOS_DEPLOYMENT_TARGET = 15.0;
				LD_RUNPATH_SEARCH_PATHS = (
					"$(inherited)",
					"@executable_path/Frameworks",
					"@executable_path/../../Frameworks",
				);
				MARKETING_VERSION = 1.0;
				OTHER_LDFLAGS = (
					"-framework",
					SafariServices,
				);
				PRODUCT_BUNDLE_IDENTIFIER = "gtk2k.KK-Auto.Extension";
				PRODUCT_NAME = "KK_Auto Extension";
				SDKROOT = iphoneos;
				SKIP_INSTALL = YES;
				SWIFT_EMIT_LOC_STRINGS = YES;
				SWIFT_VERSION = 5.0;
				TARGETED_DEVICE_FAMILY = "1,2";
			};
			name = Debug;
		};
		2965BEB72C959C5C0071104E /* Release */ = {
			isa = XCBuildConfiguration;
			buildSettings = {
				CODE_SIGN_STYLE = Automatic;
				CURRENT_PROJECT_VERSION = 1;
				DEVELOPMENT_TEAM = 62RR3MH285;
				GENERATE_INFOPLIST_FILE = YES;
				INFOPLIST_FILE = "iOS (Extension)/Info.plist";
				INFOPLIST_KEY_CFBundleDisplayName = "KK_Auto Extension";
				INFOPLIST_KEY_NSHumanReadableCopyright = "";
				IPHONEOS_DEPLOYMENT_TARGET = 15.0;
				LD_RUNPATH_SEARCH_PATHS = (
					"$(inherited)",
					"@executable_path/Frameworks",
					"@executable_path/../../Frameworks",
				);
				MARKETING_VERSION = 1.0;
				OTHER_LDFLAGS = (
					"-framework",
					SafariServices,
				);
				PRODUCT_BUNDLE_IDENTIFIER = "gtk2k.KK-Auto.Extension";
				PRODUCT_NAME = "KK_Auto Extension";
				SDKROOT = iphoneos;
				SKIP_INSTALL = YES;
				SWIFT_EMIT_LOC_STRINGS = YES;
				SWIFT_VERSION = 5.0;
				TARGETED_DEVICE_FAMILY = "1,2";
				VALIDATE_PRODUCT = YES;
			};
			name = Release;
		};
		2965BEBB2C959C5C0071104E /* Debug */ = {
			isa = XCBuildConfiguration;
			buildSettings = {
				ASSETCATALOG_COMPILER_APPICON_NAME = AppIcon;
				ASSETCATALOG_COMPILER_GLOBAL_ACCENT_COLOR_NAME = AccentColor;
				CODE_SIGN_STYLE = Automatic;
				CURRENT_PROJECT_VERSION = 1;
				DEVELOPMENT_TEAM = 62RR3MH285;
				GENERATE_INFOPLIST_FILE = YES;
				INFOPLIST_FILE = "iOS (App)/Info.plist";
				INFOPLIST_KEY_CFBundleDisplayName = KK_Auto;
				INFOPLIST_KEY_UIApplicationSupportsIndirectInputEvents = YES;
				INFOPLIST_KEY_UILaunchStoryboardName = LaunchScreen;
				INFOPLIST_KEY_UIMainStoryboardFile = Main;
				INFOPLIST_KEY_UISupportedInterfaceOrientations = "UIInterfaceOrientationPortrait UIInterfaceOrientationLandscapeLeft UIInterfaceOrientationLandscapeRight";
				INFOPLIST_KEY_UISupportedInterfaceOrientations_iPad = "UIInterfaceOrientationPortrait UIInterfaceOrientationPortraitUpsideDown UIInterfaceOrientationLandscapeLeft UIInterfaceOrientationLandscapeRight";
				IPHONEOS_DEPLOYMENT_TARGET = 15.0;
				LD_RUNPATH_SEARCH_PATHS = (
					"$(inherited)",
					"@executable_path/Frameworks",
				);
				MARKETING_VERSION = 1.0;
				OTHER_LDFLAGS = (
					"-framework",
					SafariServices,
					"-framework",
					WebKit,
				);
				PRODUCT_BUNDLE_IDENTIFIER = "gtk2k.KK-Auto";
				PRODUCT_NAME = KK_Auto;
				SDKROOT = iphoneos;
				SWIFT_EMIT_LOC_STRINGS = YES;
				SWIFT_VERSION = 5.0;
				TARGETED_DEVICE_FAMILY = "1,2";
			};
			name = Debug;
		};
		2965BEBC2C959C5C0071104E /* Release */ = {
			isa = XCBuildConfiguration;
			buildSettings = {
				ASSETCATALOG_COMPILER_APPICON_NAME = AppIcon;
				ASSETCATALOG_COMPILER_GLOBAL_ACCENT_COLOR_NAME = AccentColor;
				CODE_SIGN_STYLE = Automatic;
				CURRENT_PROJECT_VERSION = 1;
				DEVELOPMENT_TEAM = 62RR3MH285;
				GENERATE_INFOPLIST_FILE = YES;
				INFOPLIST_FILE = "iOS (App)/Info.plist";
				INFOPLIST_KEY_CFBundleDisplayName = KK_Auto;
				INFOPLIST_KEY_UIApplicationSupportsIndirectInputEvents = YES;
				INFOPLIST_KEY_UILaunchStoryboardName = LaunchScreen;
				INFOPLIST_KEY_UIMainStoryboardFile = Main;
				INFOPLIST_KEY_UISupportedInterfaceOrientations = "UIInterfaceOrientationPortrait UIInterfaceOrientationLandscapeLeft UIInterfaceOrientationLandscapeRight";
				INFOPLIST_KEY_UISupportedInterfaceOrientations_iPad = "UIInterfaceOrientationPortrait UIInterfaceOrientationPortraitUpsideDown UIInterfaceOrientationLandscapeLeft UIInterfaceOrientationLandscapeRight";
				IPHONEOS_DEPLOYMENT_TARGET = 15.0;
				LD_RUNPATH_SEARCH_PATHS = (
					"$(inherited)",
					"@executable_path/Frameworks",
				);
				MARKETING_VERSION = 1.0;
				OTHER_LDFLAGS = (
					"-framework",
					SafariServices,
					"-framework",
					WebKit,
				);
				PRODUCT_BUNDLE_IDENTIFIER = "gtk2k.KK-Auto";
				PRODUCT_NAME = KK_Auto;
				SDKROOT = iphoneos;
				SWIFT_EMIT_LOC_STRINGS = YES;
				SWIFT_VERSION = 5.0;
				TARGETED_DEVICE_FAMILY = "1,2";
				VALIDATE_PRODUCT = YES;
			};
			name = Release;
		};
		2965BEC02C959C5C0071104E /* Debug */ = {
			isa = XCBuildConfiguration;
			buildSettings = {
				CODE_SIGN_ENTITLEMENTS = "macOS (Extension)/KK_Auto.entitlements";
				CODE_SIGN_STYLE = Automatic;
				CURRENT_PROJECT_VERSION = 1;
				DEVELOPMENT_TEAM = 62RR3MH285;
				ENABLE_HARDENED_RUNTIME = YES;
				GENERATE_INFOPLIST_FILE = YES;
				INFOPLIST_FILE = "macOS (Extension)/Info.plist";
				INFOPLIST_KEY_CFBundleDisplayName = "KK_Auto Extension";
				INFOPLIST_KEY_NSHumanReadableCopyright = "";
				LD_RUNPATH_SEARCH_PATHS = (
					"$(inherited)",
					"@executable_path/../Frameworks",
					"@executable_path/../../../../Frameworks",
				);
				MACOSX_DEPLOYMENT_TARGET = 10.14;
				MARKETING_VERSION = 1.0;
				OTHER_LDFLAGS = (
					"-framework",
					SafariServices,
				);
				PRODUCT_BUNDLE_IDENTIFIER = "gtk2k.KK-Auto.Extension";
				PRODUCT_NAME = "KK_Auto Extension";
				SDKROOT = macosx;
				SKIP_INSTALL = YES;
				SWIFT_EMIT_LOC_STRINGS = YES;
				SWIFT_VERSION = 5.0;
			};
			name = Debug;
		};
		2965BEC12C959C5C0071104E /* Release */ = {
			isa = XCBuildConfiguration;
			buildSettings = {
				CODE_SIGN_ENTITLEMENTS = "macOS (Extension)/KK_Auto.entitlements";
				CODE_SIGN_STYLE = Automatic;
				CURRENT_PROJECT_VERSION = 1;
				DEVELOPMENT_TEAM = 62RR3MH285;
				ENABLE_HARDENED_RUNTIME = YES;
				GENERATE_INFOPLIST_FILE = YES;
				INFOPLIST_FILE = "macOS (Extension)/Info.plist";
				INFOPLIST_KEY_CFBundleDisplayName = "KK_Auto Extension";
				INFOPLIST_KEY_NSHumanReadableCopyright = "";
				LD_RUNPATH_SEARCH_PATHS = (
					"$(inherited)",
					"@executable_path/../Frameworks",
					"@executable_path/../../../../Frameworks",
				);
				MACOSX_DEPLOYMENT_TARGET = 10.14;
				MARKETING_VERSION = 1.0;
				OTHER_LDFLAGS = (
					"-framework",
					SafariServices,
				);
				PRODUCT_BUNDLE_IDENTIFIER = "gtk2k.KK-Auto.Extension";
				PRODUCT_NAME = "KK_Auto Extension";
				SDKROOT = macosx;
				SKIP_INSTALL = YES;
				SWIFT_EMIT_LOC_STRINGS = YES;
				SWIFT_VERSION = 5.0;
			};
			name = Release;
		};
		2965BEC52C959C5C0071104E /* Debug */ = {
			isa = XCBuildConfiguration;
			buildSettings = {
				ASSETCATALOG_COMPILER_APPICON_NAME = AppIcon;
				ASSETCATALOG_COMPILER_GLOBAL_ACCENT_COLOR_NAME = AccentColor;
				CODE_SIGN_ENTITLEMENTS = "macOS (App)/KK_Auto.entitlements";
				CODE_SIGN_STYLE = Automatic;
				CURRENT_PROJECT_VERSION = 1;
				DEVELOPMENT_TEAM = 62RR3MH285;
				ENABLE_HARDENED_RUNTIME = YES;
				GENERATE_INFOPLIST_FILE = YES;
				INFOPLIST_KEY_CFBundleDisplayName = KK_Auto;
				INFOPLIST_KEY_NSMainStoryboardFile = Main;
				INFOPLIST_KEY_NSPrincipalClass = NSApplication;
				LD_RUNPATH_SEARCH_PATHS = (
					"$(inherited)",
					"@executable_path/../Frameworks",
				);
				MACOSX_DEPLOYMENT_TARGET = 10.14;
				MARKETING_VERSION = 1.0;
				OTHER_LDFLAGS = (
					"-framework",
					SafariServices,
					"-framework",
					WebKit,
				);
				PRODUCT_BUNDLE_IDENTIFIER = "gtk2k.KK-Auto";
				PRODUCT_NAME = KK_Auto;
				SDKROOT = macosx;
				SWIFT_EMIT_LOC_STRINGS = YES;
				SWIFT_VERSION = 5.0;
			};
			name = Debug;
		};
		2965BEC62C959C5C0071104E /* Release */ = {
			isa = XCBuildConfiguration;
			buildSettings = {
				ASSETCATALOG_COMPILER_APPICON_NAME = AppIcon;
				ASSETCATALOG_COMPILER_GLOBAL_ACCENT_COLOR_NAME = AccentColor;
				CODE_SIGN_ENTITLEMENTS = "macOS (App)/KK_Auto.entitlements";
				CODE_SIGN_STYLE = Automatic;
				CURRENT_PROJECT_VERSION = 1;
				DEVELOPMENT_TEAM = 62RR3MH285;
				ENABLE_HARDENED_RUNTIME = YES;
				GENERATE_INFOPLIST_FILE = YES;
				INFOPLIST_KEY_CFBundleDisplayName = KK_Auto;
				INFOPLIST_KEY_NSMainStoryboardFile = Main;
				INFOPLIST_KEY_NSPrincipalClass = NSApplication;
				LD_RUNPATH_SEARCH_PATHS = (
					"$(inherited)",
					"@executable_path/../Frameworks",
				);
				MACOSX_DEPLOYMENT_TARGET = 10.14;
				MARKETING_VERSION = 1.0;
				OTHER_LDFLAGS = (
					"-framework",
					SafariServices,
					"-framework",
					WebKit,
				);
				PRODUCT_BUNDLE_IDENTIFIER = "gtk2k.KK-Auto";
				PRODUCT_NAME = KK_Auto;
				SDKROOT = macosx;
				SWIFT_EMIT_LOC_STRINGS = YES;
				SWIFT_VERSION = 5.0;
			};
			name = Release;
		};
		2965BEC92C959C5C0071104E /* Debug */ = {
			isa = XCBuildConfiguration;
			buildSettings = {
				ALWAYS_SEARCH_USER_PATHS = NO;
				ASSETCATALOG_COMPILER_GENERATE_SWIFT_ASSET_SYMBOL_EXTENSIONS = YES;
				CLANG_ANALYZER_NONNULL = YES;
				CLANG_ANALYZER_NUMBER_OBJECT_CONVERSION = YES_AGGRESSIVE;
				CLANG_CXX_LANGUAGE_STANDARD = "gnu++20";
				CLANG_ENABLE_MODULES = YES;
				CLANG_ENABLE_OBJC_ARC = YES;
				CLANG_ENABLE_OBJC_WEAK = YES;
				CLANG_WARN_BLOCK_CAPTURE_AUTORELEASING = YES;
				CLANG_WARN_BOOL_CONVERSION = YES;
				CLANG_WARN_COMMA = YES;
				CLANG_WARN_CONSTANT_CONVERSION = YES;
				CLANG_WARN_DEPRECATED_OBJC_IMPLEMENTATIONS = YES;
				CLANG_WARN_DIRECT_OBJC_ISA_USAGE = YES_ERROR;
				CLANG_WARN_DOCUMENTATION_COMMENTS = YES;
				CLANG_WARN_EMPTY_BODY = YES;
				CLANG_WARN_ENUM_CONVERSION = YES;
				CLANG_WARN_INFINITE_RECURSION = YES;
				CLANG_WARN_INT_CONVERSION = YES;
				CLANG_WARN_NON_LITERAL_NULL_CONVERSION = YES;
				CLANG_WARN_OBJC_IMPLICIT_RETAIN_SELF = YES;
				CLANG_WARN_OBJC_LITERAL_CONVERSION = YES;
				CLANG_WARN_OBJC_ROOT_CLASS = YES_ERROR;
				CLANG_WARN_QUOTED_INCLUDE_IN_FRAMEWORK_HEADER = YES;
				CLANG_WARN_RANGE_LOOP_ANALYSIS = YES;
				CLANG_WARN_STRICT_PROTOTYPES = YES;
				CLANG_WARN_SUSPICIOUS_MOVE = YES;
				CLANG_WARN_UNGUARDED_AVAILABILITY = YES_AGGRESSIVE;
				CLANG_WARN_UNREACHABLE_CODE = YES;
				CLANG_WARN__DUPLICATE_METHOD_MATCH = YES;
				COPY_PHASE_STRIP = NO;
				DEBUG_INFORMATION_FORMAT = dwarf;
				ENABLE_STRICT_OBJC_MSGSEND = YES;
				ENABLE_TESTABILITY = YES;
				ENABLE_USER_SCRIPT_SANDBOXING = YES;
				GCC_C_LANGUAGE_STANDARD = gnu17;
				GCC_DYNAMIC_NO_PIC = NO;
				GCC_NO_COMMON_BLOCKS = YES;
				GCC_OPTIMIZATION_LEVEL = 0;
				GCC_PREPROCESSOR_DEFINITIONS = (
					"DEBUG=1",
					"$(inherited)",
				);
				GCC_WARN_64_TO_32_BIT_CONVERSION = YES;
				GCC_WARN_ABOUT_RETURN_TYPE = YES_ERROR;
				GCC_WARN_UNDECLARED_SELECTOR = YES;
				GCC_WARN_UNINITIALIZED_AUTOS = YES_AGGRESSIVE;
				GCC_WARN_UNUSED_FUNCTION = YES;
				GCC_WARN_UNUSED_VARIABLE = YES;
				LOCALIZATION_PREFERS_STRING_CATALOGS = YES;
				MTL_ENABLE_DEBUG_INFO = INCLUDE_SOURCE;
				MTL_FAST_MATH = YES;
				ONLY_ACTIVE_ARCH = YES;
				SWIFT_ACTIVE_COMPILATION_CONDITIONS = "DEBUG $(inherited)";
				SWIFT_OPTIMIZATION_LEVEL = "-Onone";
			};
			name = Debug;
		};
		2965BECA2C959C5C0071104E /* Release */ = {
			isa = XCBuildConfiguration;
			buildSettings = {
				ALWAYS_SEARCH_USER_PATHS = NO;
				ASSETCATALOG_COMPILER_GENERATE_SWIFT_ASSET_SYMBOL_EXTENSIONS = YES;
				CLANG_ANALYZER_NONNULL = YES;
				CLANG_ANALYZER_NUMBER_OBJECT_CONVERSION = YES_AGGRESSIVE;
				CLANG_CXX_LANGUAGE_STANDARD = "gnu++20";
				CLANG_ENABLE_MODULES = YES;
				CLANG_ENABLE_OBJC_ARC = YES;
				CLANG_ENABLE_OBJC_WEAK = YES;
				CLANG_WARN_BLOCK_CAPTURE_AUTORELEASING = YES;
				CLANG_WARN_BOOL_CONVERSION = YES;
				CLANG_WARN_COMMA = YES;
				CLANG_WARN_CONSTANT_CONVERSION = YES;
				CLANG_WARN_DEPRECATED_OBJC_IMPLEMENTATIONS = YES;
				CLANG_WARN_DIRECT_OBJC_ISA_USAGE = YES_ERROR;
				CLANG_WARN_DOCUMENTATION_COMMENTS = YES;
				CLANG_WARN_EMPTY_BODY = YES;
				CLANG_WARN_ENUM_CONVERSION = YES;
				CLANG_WARN_INFINITE_RECURSION = YES;
				CLANG_WARN_INT_CONVERSION = YES;
				CLANG_WARN_NON_LITERAL_NULL_CONVERSION = YES;
				CLANG_WARN_OBJC_IMPLICIT_RETAIN_SELF = YES;
				CLANG_WARN_OBJC_LITERAL_CONVERSION = YES;
				CLANG_WARN_OBJC_ROOT_CLASS = YES_ERROR;
				CLANG_WARN_QUOTED_INCLUDE_IN_FRAMEWORK_HEADER = YES;
				CLANG_WARN_RANGE_LOOP_ANALYSIS = YES;
				CLANG_WARN_STRICT_PROTOTYPES = YES;
				CLANG_WARN_SUSPICIOUS_MOVE = YES;
				CLANG_WARN_UNGUARDED_AVAILABILITY = YES_AGGRESSIVE;
				CLANG_WARN_UNREACHABLE_CODE = YES;
				CLANG_WARN__DUPLICATE_METHOD_MATCH = YES;
				COPY_PHASE_STRIP = NO;
				DEBUG_INFORMATION_FORMAT = "dwarf-with-dsym";
				ENABLE_NS_ASSERTIONS = NO;
				ENABLE_STRICT_OBJC_MSGSEND = YES;
				ENABLE_USER_SCRIPT_SANDBOXING = YES;
				GCC_C_LANGUAGE_STANDARD = gnu17;
				GCC_NO_COMMON_BLOCKS = YES;
				GCC_WARN_64_TO_32_BIT_CONVERSION = YES;
				GCC_WARN_ABOUT_RETURN_TYPE = YES_ERROR;
				GCC_WARN_UNDECLARED_SELECTOR = YES;
				GCC_WARN_UNINITIALIZED_AUTOS = YES_AGGRESSIVE;
				GCC_WARN_UNUSED_FUNCTION = YES;
				GCC_WARN_UNUSED_VARIABLE = YES;
				LOCALIZATION_PREFERS_STRING_CATALOGS = YES;
				MTL_ENABLE_DEBUG_INFO = NO;
				MTL_FAST_MATH = YES;
				SWIFT_COMPILATION_MODE = wholemodule;
			};
			name = Release;
		};
/* End XCBuildConfiguration section */

/* Begin XCConfigurationList section */
		2965BE4E2C959C5A0071104E /* Build configuration list for PBXProject "KK_Auto" */ = {
			isa = XCConfigurationList;
			buildConfigurations = (
				2965BEC92C959C5C0071104E /* Debug */,
				2965BECA2C959C5C0071104E /* Release */,
			);
			defaultConfigurationIsVisible = 0;
			defaultConfigurationName = Release;
		};
		2965BEB52C959C5C0071104E /* Build configuration list for PBXNativeTarget "KK_Auto Extension (iOS)" */ = {
			isa = XCConfigurationList;
			buildConfigurations = (
				2965BEB62C959C5C0071104E /* Debug */,
				2965BEB72C959C5C0071104E /* Release */,
			);
			defaultConfigurationIsVisible = 0;
			defaultConfigurationName = Release;
		};
		2965BEBA2C959C5C0071104E /* Build configuration list for PBXNativeTarget "KK_Auto (iOS)" */ = {
			isa = XCConfigurationList;
			buildConfigurations = (
				2965BEBB2C959C5C0071104E /* Debug */,
				2965BEBC2C959C5C0071104E /* Release */,
			);
			defaultConfigurationIsVisible = 0;
			defaultConfigurationName = Release;
		};
		2965BEBF2C959C5C0071104E /* Build configuration list for PBXNativeTarget "KK_Auto Extension (macOS)" */ = {
			isa = XCConfigurationList;
			buildConfigurations = (
				2965BEC02C959C5C0071104E /* Debug */,
				2965BEC12C959C5C0071104E /* Release */,
			);
			defaultConfigurationIsVisible = 0;
			defaultConfigurationName = Release;
		};
		2965BEC42C959C5C0071104E /* Build configuration list for PBXNativeTarget "KK_Auto (macOS)" */ = {
			isa = XCConfigurationList;
			buildConfigurations = (
				2965BEC52C959C5C0071104E /* Debug */,
				2965BEC62C959C5C0071104E /* Release */,
			);
			defaultConfigurationIsVisible = 0;
			defaultConfigurationName = Release;
		};
/* End XCConfigurationList section */
	};
	rootObject = 2965BE4B2C959C5A0071104E /* Project object */;
}
